
Microsoft Visual Studio Solution File, Format Version 11.00
# Visual Studio 2010
Project("{FAE04EC0-301F-11D3-BF4B-00C04F79EFBC}") = "FrameClient", "MarsPB.csproj", "{8C1CE18A-D2FE-5F88-1C2D-1796B022AAB2}"
EndProject
Project("{FAE04EC0-301F-11D3-BF4B-00C04F79EFBC}") = "FrameClient", "Assembly-CSharp.csproj", "{B4D6C95B-D216-F7E8-07B4-A9A72286CCFE}"
EndProject
Global
	GlobalSection(SolutionConfigurationPlatforms) = preSolution
		Debug|Any CPU = Debug|Any CPU
		Release|Any CPU = Release|Any CPU
	EndGlobalSection
	GlobalSection(ProjectConfigurationPlatforms) = postSolution
		{8C1CE18A-D2FE-5F88-1C2D-1796B022AAB2}.Debug|Any CPU.ActiveCfg = Debug|Any CPU
		{8C1CE18A-D2FE-5F88-1C2D-1796B022AAB2}.Debug|Any CPU.Build.0 = Debug|Any CPU
		{8C1CE18A-D2FE-5F88-1C2D-1796B022AAB2}.Release|Any CPU.ActiveCfg = Release|Any CPU
		{8C1CE18A-D2FE-5F88-1C2D-1796B022AAB2}.Release|Any CPU.Build.0 = Release|Any CPU
		{B4D6C95B-D216-F7E8-07B4-A9A72286CCFE}.Debug|Any CPU.ActiveCfg = Debug|Any CPU
		{B4D6C95B-D216-F7E8-07B4-A9A72286CCFE}.Debug|Any CPU.Build.0 = Debug|Any CPU
		{B4D6C95B-D216-F7E8-07B4-A9A72286CCFE}.Release|Any CPU.ActiveCfg = Release|Any CPU
		{B4D6C95B-D216-F7E8-07B4-A9A72286CCFE}.Release|Any CPU.Build.0 = Release|Any CPU
	EndGlobalSection
	GlobalSection(SolutionProperties) = preSolution
		HideSolutionNode = FALSE
	EndGlobalSection
	GlobalSection(MonoDevelopProperties) = preSolution
		StartupItem = Assembly-CSharp.csproj
	EndGlobalSection
EndGlobal
